{
  "name": "logmyerr",
  "version": "1.0.1",
  "lockfileVersion": 2,
  "requires": true,
  "packages": {
    "": {
      "name": "logmyerr",
      "version": "1.0.1",
      "license": "ISC",
      "dependencies": {
        "logmyerr": "^1.0.1"
      },
      "engines": {
        "node": "*"
      }
    },
    "node_modules/logmyerr": {
      "version": "1.0.1",
      "resolved": "https://registry.npmjs.org/logmyerr/-/logmyerr-1.0.1.tgz",
      "integrity": "sha512-wE9D7DBAthEehzxsooPZqdq+CyZnGaqMEVoW47FZ3m2IdgW5CY1+NM6Zo4JJeRqV5a7Jz8MOeEWb2oCNpoh7TA==",
      "engines": {
        "node": "*"
      }
    }
  },
  "dependencies": {
    "logmyerr": {
      "version": "1.0.1",
      "resolved": "https://registry.npmjs.org/logmyerr/-/logmyerr-1.0.1.tgz",
      "integrity": "sha512-wE9D7DBAthEehzxsooPZqdq+CyZnGaqMEVoW47FZ3m2IdgW5CY1+NM6Zo4JJeRqV5a7Jz8MOeEWb2oCNpoh7TA=="
    }
  }
}
